adduser=3.152
apt=3.0.3
base-files=13.8+deb13u6
base-passwd=3.6.7
bash=5.2.37-2+b9
bsdutils=1:2.41-5
ca-certificates=20250419
coreutils=9.7-3
dash=0.5.12-12
debconf=1.5.91
debian-archive-keyring=2025.1
debianutils=5.23.2
diffutils=1:3.10-4
dirmngr=2.4.7-21+deb13u1+b4
dpkg=1.22.22
findutils=4.10.0-3
fontconfig-config=2.15.0-2.3
fontconfig=2.15.0-2.3
fonts-dejavu-core=2.37-8
fonts-dejavu-mono=2.37-8
fonts-noto-cjk=1:20240730+repack1-1
fonts-noto-core=20201225-2
fonts-noto-mono=20201225-2
fonts-opensymbol=4:102.12+LibO25.2.3-2+deb13u6
fonts-urw-base35=20200910-8
gcc-14-base:amd64=14.2.0-19
ghostscript=10.05.1~dfsg-1+deb13u1
gnupg-l10n=2.4.7-21+deb13u1
gnupg=2.4.7-21+deb13u1
gpg-agent=2.4.7-21+deb13u1+b4
gpg=2.4.7-21+deb13u1+b4
gpgconf=2.4.7-21+deb13u1+b4
gpgsm=2.4.7-21+deb13u1+b4
grep=3.11-4
gzip=1.13-1
hostname=3.25
init-system-helpers=1.69~deb13u1
libacl1:amd64=2.3.2-2+b1
libaom3:amd64=3.12.1-1
libapt-pkg7.0:amd64=3.0.3
libarchive13t64:amd64=3.7.4-4+deb13u1
libassuan9:amd64=3.0.2-2
libatomic1:amd64=14.2.0-19
libattr1:amd64=1:2.5.2-3
libaudit-common=1:4.0.2-2
libaudit1:amd64=1:4.0.2-2+b2
libavahi-client3:amd64=0.8-16
libavahi-common-data:amd64=0.8-16
libavahi-common3:amd64=0.8-16
libavcodec61:amd64=7:7.1.5-0+deb13u1
libavformat61:amd64=7:7.1.5-0+deb13u1
libavutil59:amd64=7:7.1.5-0+deb13u1
libblkid1:amd64=2.41-5
libbluray2:amd64=1:1.3.4-1+b2
libbrotli1:amd64=1.1.0-2+b7
libbsd0:amd64=0.12.2-2
libbz2-1.0:amd64=1.0.8-6
libc-bin=2.41-12+deb13u3
libc6:amd64=2.41-12+deb13u3
libcairo-gobject2:amd64=1.18.4-1+b1
libcairo2:amd64=1.18.4-1+b1
libcap-ng0:amd64=0.8.5-4+b1
libcap2:amd64=1:2.75-10+deb13u1+b1
libchromaprint1:amd64=1.5.1-7
libcjson1:amd64=1.7.18-3.1+deb13u1
libcodec2-1.2:amd64=1.2.0-3
libcom-err2:amd64=1.47.2-3+b11
libcrypt1:amd64=1:4.4.38-1
libcups2t64:amd64=2.4.10-3+deb13u2
libcurl3t64-gnutls:amd64=8.14.1-2+deb13u4
libcurl4t64:amd64=8.14.1-2+deb13u4
libdatrie1:amd64=0.2.13-3+b1
libdav1d7:amd64=1.5.1-1
libdb5.3t64:amd64=5.3.28+dfsg2-9
libdbus-1-3:amd64=1.16.2-2
libdebconfclient0:amd64=0.280
libdeflate0:amd64=1.23-2
libdrm-common=2.4.124-2
libdrm2:amd64=2.4.124-2
libdvdnav4:amd64=6.1.1-3+b1
libdvdread8t64:amd64=6.1.3-2
libexpat1:amd64=2.8.2-1~deb13u1
libffi8:amd64=3.4.8-2
libfontconfig1:amd64=2.15.0-2.3
libfontenc1:amd64=1:1.1.8-1+b2
libfreetype6:amd64=2.13.3+dfsg-1+deb13u1
libfribidi0:amd64=1.0.16-1
libgcc-s1:amd64=14.2.0-19
libgcrypt20:amd64=1.11.0-7+deb13u1
libgdbm-compat4t64:amd64=1.24-2
libgdbm6t64:amd64=1.24-2
libgdk-pixbuf-2.0-0:amd64=2.42.12+dfsg-4+deb13u1
libgdk-pixbuf2.0-common=2.42.12+dfsg-4+deb13u1
libgif7:amd64=5.2.2-1+deb13u1
libglib2.0-0t64:amd64=2.84.4-3~deb13u3
libgme0:amd64=0.6.3-7+b2
libgmp10:amd64=2:6.3.0+dfsg-3
libgnutls30t64:amd64=3.8.9-3+deb13u4
libgomp1:amd64=14.2.0-19
libgpg-error0:amd64=1.51-4
libgpgme11t64:amd64=1.24.2-3
libgpgmepp6t64:amd64=1.24.2-3
libgraphite2-3:amd64=1.3.14-2+deb13u1
libgs-common=10.05.1~dfsg-1+deb13u1
libgs10-common=10.05.1~dfsg-1+deb13u1
libgs10:amd64=10.05.1~dfsg-1+deb13u1
libgsm1:amd64=1.0.22-1+b2
libgssapi-krb5-2:amd64=1.21.3-5+deb13u1
libharfbuzz0b:amd64=10.2.0-1+deb13u1
libhogweed6t64:amd64=3.10.1-1
libhwy1t64:amd64=1.2.0-2+b2
libice6:amd64=2:1.1.1-1
libicu76:amd64=76.1-4
libidn12:amd64=1.43-1
libidn2-0:amd64=2.3.8-2
libijs-0.35:amd64=0.35-15.2
libimage-exiftool-perl=13.25+dfsg-1
libjbig0:amd64=2.1-6.1+b2
libjbig2dec0:amd64=0.20-1+b3
libjpeg62-turbo:amd64=1:2.1.5-4
libjxl0.11:amd64=0.11.2-0.1~deb13u2
libk5crypto3:amd64=1.21.3-5+deb13u1
libkeyutils1:amd64=1.6.3-6
libkrb5-3:amd64=1.21.3-5+deb13u1
libkrb5support0:amd64=1.21.3-5+deb13u1
libksba8:amd64=1.6.7-2+b1
liblastlog2-2:amd64=2.41-5
liblcms2-2:amd64=2.16-2+deb13u2
libldap2:amd64=2.6.10+dfsg-1
libleptonica6:amd64=1.84.1-4
liblerc4:amd64=4.0.0+ds-5
liblz4-1:amd64=1.10.0-4
liblzma5:amd64=5.8.1-1+deb13u1
libmbedcrypto16:amd64=3.6.5-0.1~deb13u1
libmd0:amd64=1.1.0-2+b1
libmount1:amd64=2.41-5
libmp3lame0:amd64=3.100-6+b3
libmpg123-0t64:amd64=1.32.10-1+deb13u1
libncursesw6:amd64=6.5+20250216-2
libnettle8t64:amd64=3.10.1-1
libnghttp2-14:amd64=1.64.0-1.1+deb13u1
libnghttp3-9:amd64=1.8.0-1
libngtcp2-16:amd64=1.11.0-1+deb13u1
libngtcp2-crypto-gnutls8:amd64=1.11.0-1+deb13u1
libnorm1t64:amd64=1.5.9+dfsg-3.1+b2
libnpth0t64:amd64=1.8-3
libnspr4:amd64=2:4.36-1
libnss3:amd64=2:3.110-1+deb13u4
libnuma1:amd64=2.0.19-1
libogg0:amd64=1.3.5-3+b2
libopenjp2-7:amd64=2.5.3-2.1~deb13u2
libopenmpt0t64:amd64=0.7.13-1+b1
libopus0:amd64=1.5.2-2
libp11-kit0:amd64=0.25.5-3
libpam-modules-bin=1.7.0-5
libpam-modules:amd64=1.7.0-5
libpam-runtime=1.7.0-5
libpam0g:amd64=1.7.0-5
libpango-1.0-0:amd64=1.56.3-1
libpangocairo-1.0-0:amd64=1.56.3-1
libpangoft2-1.0-0:amd64=1.56.3-1
libpaper2:amd64=2.2.5-0.3+b2
libpcre2-8-0:amd64=10.46-1~deb13u1
libperl5.40:amd64=5.40.1-6
libpgm-5.3-0t64:amd64=5.3.128~dfsg-2.1+b1
libpixman-1-0:amd64=0.44.0-3
libpng16-16t64:amd64=1.6.48-1+deb13u5
libpoppler147:amd64=25.03.0-5+deb13u4
libpsl5t64:amd64=0.21.2-1.1+b1
libqpdf30:amd64=12.2.0-1
librabbitmq4:amd64=0.15.0-1+deb13u1
librav1e0.7:amd64=0.7.1-9+b2
libreadline8t64:amd64=8.2-6
librist4:amd64=0.2.11+dfsg-1
librsvg2-2:amd64=2.60.0+dfsg-1
librtmp1:amd64=2.4+20151223.gitfa8646d.1-2+b5
libsasl2-2:amd64=2.1.28+dfsg1-9
libsasl2-modules-db:amd64=2.1.28+dfsg1-9
libseccomp2:amd64=2.6.0-2
libselinux1:amd64=3.8.1-1
libsemanage-common=3.8.1-1
libsemanage2:amd64=3.8.1-1
libsepol2:amd64=3.8.1-1
libsharpyuv0:amd64=1.5.0-0.1
libshine3:amd64=3.1.1-2+b2
libsm6:amd64=2:1.2.6-1
libsmartcols1:amd64=2.41-5
libsnappy1v5:amd64=1.2.2-1
libsodium23:amd64=1.0.18-1+deb13u1
libsoxr0:amd64=0.1.3-4+b2
libspeex1:amd64=1.2.1-3
libsqlite3-0:amd64=3.46.1-7+deb13u1
libsrt1.5-gnutls:amd64=1.5.4-1
libssh-4:amd64=0.11.5-0+deb13u1
libssh2-1t64:amd64=1.11.1-1+deb13u1
libssl3t64:amd64=3.5.6-1~deb13u2
libstdc++6:amd64=14.2.0-19
libsvtav1enc2:amd64=2.3.0+dfsg-1
libswresample5:amd64=7:7.1.5-0+deb13u1
libsystemd0:amd64=257.13-1~deb13u1
libtasn1-6:amd64=4.20.0-2+deb13u1
libtesseract5:amd64=5.5.0-1+b1
libthai-data=0.1.29-2
libthai0:amd64=0.1.29-2+b1
libtheoradec1:amd64=1.2.0~alpha1+dfsg-6
libtheoraenc1:amd64=1.2.0~alpha1+dfsg-6
libtiff6:amd64=4.7.0-3+deb13u3
libtinfo6:amd64=6.5+20250216-2
libtwolame0:amd64=0.4.0-2+b2
libudev1:amd64=257.13-1~deb13u1
libudfread0:amd64=1.1.2-1+b2
libunistring5:amd64=1.3-2
libuuid1:amd64=2.41-5
libva-drm2:amd64=2.22.0-3
libva-x11-2:amd64=2.22.0-3
libva2:amd64=2.22.0-3
libvdpau1:amd64=1.5-3+b1
libvorbis0a:amd64=1.3.7-3
libvorbisenc2:amd64=1.3.7-3
libvorbisfile3:amd64=1.3.7-3
libvpl2=1:2.14.0-1+b1
libvpx9:amd64=1.15.0-2.1+deb13u1
libwebp7:amd64=1.5.0-0.1
libwebpmux3:amd64=1.5.0-0.1
libx11-6:amd64=2:1.8.12-1
libx11-data=2:1.8.12-1
libx11-xcb1:amd64=2:1.8.12-1
libx264-164:amd64=2:0.164.3108+git31e19f9-2+b1
libx265-215:amd64=4.1-2
libxau6:amd64=1:1.0.11-1
libxcb-dri3-0:amd64=1.17.0-2+b1
libxcb-render0:amd64=1.17.0-2+b1
libxcb-shm0:amd64=1.17.0-2+b1
libxcb1:amd64=1.17.0-2+b1
libxdmcp6:amd64=1:1.1.5-1
libxext6:amd64=2:1.3.4-1+b3
libxfixes3:amd64=1:6.0.0-2+b4
libxml2:amd64=2.12.7+dfsg+really2.9.14-2.1+deb13u3
libxrender1:amd64=1:0.9.12-1
libxt6t64:amd64=1:1.2.1-1.2+b2
libxvidcore4:amd64=2:1.3.7-1+b2
libxxhash0:amd64=0.8.3-2
libzmq5:amd64=4.3.5-1+b3
libzstd1:amd64=1.5.7+dfsg-1
libzvbi-common=0.2.44-1
libzvbi0t64:amd64=0.2.44-1
login.defs=1:4.17.4-2
login=1:4.16.0-2+really2.41-5
mawk=1.3.4.20250131-1
mount=2.41-5
ncurses-base=6.5+20250216-2
ncurses-bin=6.5+20250216-2
netbase=6.5
ocl-icd-libopencl1:amd64=2.3.3-1
openssl-provider-legacy=3.5.6-1~deb13u2
openssl=3.5.6-1~deb13u2
passwd=1:4.17.4-2
perl-base=5.40.1-6
perl-modules-5.40=5.40.1-6
perl=5.40.1-6
pinentry-curses=1.3.1-2
poppler-data=0.4.12-1
poppler-utils=25.03.0-5+deb13u4
qpdf=12.2.0-1
readline-common=8.2-6
sed=4.9-2+deb13u1
shared-mime-info=2.4-5+b2
sqv=1.3.0-3+b2
sysvinit-utils=3.14-4
tar=1.35+dfsg-3.1
tesseract-ocr-eng=1:4.1.0-2
tesseract-ocr-osd=1:4.1.0-2
tesseract-ocr=5.5.0-1+b1
tzdata=2026b-0+deb13u1
unpaper=7.0.0-3+b2
util-linux=2.41-5
x11-common=1:7.7+24+deb13u1
xfonts-encodings=1:1.0.4-2.2
xfonts-utils=1:7.7+7
zlib1g:amd64=1:1.3.dfsg+really1.3.1-1+b1
