charset-normalizer==3.5.1 --hash=sha256:15f024313246a4ed976c60f440bb8d257815513a681d212ff74fd46f7d715a90
lxml==6.1.2 --hash=sha256:47e367dfe341521426692819803e260d0673899c0ff611f14af978d725e2c999
packaging==26.3 --hash=sha256:d7193f7c8e4e93f444fde0262bf90af30e16fa0ad0ad44cb553c87339b23cd1c
pikepdf==10.12.0 --hash=sha256:84c3dcf8aefcc12d4d0642bbbceaf198acfb4a29a4630bbc134423378f824cd8
pillow==12.3.0 --hash=sha256:251bf95b67017e27b13d82f5b326234ca62d70f9cf4c2b9032de2358a3b12c7b
pypdf==6.16.2 --hash=sha256:c8b09a59399062fb45a1b8156c18a787a10a3dae03ac9674397a226712c94604
reportlab==5.0.1 --hash=sha256:1c36e6bb0e71780c72331eba60da7f602e8d4389a8723825af71342e49d791e8
