/usr/share/fonts/X11/Type1/c0419bt_.pfb: Courier 10 Pitch:style=Regular
/usr/share/fonts/X11/Type1/c0582bt_.pfb: Courier 10 Pitch:style=Italic
/usr/share/fonts/X11/Type1/c0583bt_.pfb: Courier 10 Pitch:style=Bold
/usr/share/fonts/X11/Type1/c0611bt_.pfb: Courier 10 Pitch:style=Bold Italic
/usr/share/fonts/X11/Type1/c0632bt_.pfb: Bitstream Charter:style=Bold
/usr/share/fonts/X11/Type1/c0633bt_.pfb: Bitstream Charter:style=Bold Italic
/usr/share/fonts/X11/Type1/c0648bt_.pfb: Bitstream Charter:style=Regular
/usr/share/fonts/X11/Type1/c0649bt_.pfb: Bitstream Charter:style=Italic
/usr/share/fonts/opentype/ipafont-gothic/ipag.ttf: IPAGothic,IPAゴシック:style=Regular
/usr/share/fonts/opentype/ipafont-gothic/ipagp.ttf: IPAPGothic,IPA Pゴシック,䥐䅐䝯瑨楣:style=Regular
/usr/share/fonts/opentype/tlwg/Loma-Bold.otf: Loma:style=Bold
/usr/share/fonts/opentype/tlwg/Loma-BoldOblique.otf: Loma:style=Bold Oblique
/usr/share/fonts/opentype/tlwg/Loma-Oblique.otf: Loma:style=Oblique
/usr/share/fonts/opentype/tlwg/Loma.otf: Loma:style=Regular
/usr/share/fonts/opentype/unifont/unifont.otf: Unifont:style=Regular
/usr/share/fonts/opentype/unifont/unifont_csur.otf: Unifont CSUR:style=Regular
/usr/share/fonts/opentype/unifont/unifont_jp.otf: Unifont\-JP:style=Regular
/usr/share/fonts/opentype/unifont/unifont_jp_sample.otf: Unifont Sample:style=Regular
/usr/share/fonts/opentype/unifont/unifont_sample.otf: Unifont Sample:style=Regular
/usr/share/fonts/opentype/unifont/unifont_upper.otf: Unifont Upper:style=Regular
/usr/share/fonts/opentype/unifont/unifont_upper_sample.otf: Unifont Sample:style=Regular
/usr/share/fonts/truetype/fonts-japanese-gothic.ttf: IPAGothic,IPAゴシック:style=Regular
/usr/share/fonts/truetype/freefont/FreeMono.ttf: FreeMono:style=Regular,нормален,normal,obyčejné,Standard,µεσαία,Normaali,Normál,Normale,Standaard,Normalny,Обычный,Normálne,menengah,прямій,navadno,vidējs,normalusis,thường,Arrunta,सामान्य
/usr/share/fonts/truetype/freefont/FreeMonoBold.ttf: FreeMono:style=Bold,получерен,negreta,tučné,fed,Fett,Έντονα,Negrita,Lihavoitu,Gras,Félkövér,Grassetto,Vet,Halvfet,Pogrubiony,Negrito,gros,Полужирный,Fet,Kalın,huruf tebal,жирний,polkrepko,treknraksts,pusjuodis,đậm,Lodia,धृष्ट
/usr/share/fonts/truetype/freefont/FreeMonoBoldOblique.ttf: FreeMono:style=Bold Oblique,получерен наклонен,Negreta cursiva,tučné kurzíva,fed kursiv,Fett-Kursiv,Έντονα Πλάγια,Negrita Cursiva,Lihavoitu Kursivoi,Gras Italique,Félkövér dőlt,Grassetto Corsivo,Vet Cursief,Halvfet Kursiv,Pogrubiona kursywa,Negrito Itálico,gros oblic,Полужирный Курсив,Tučná kurzíva,Fet Kursiv,Kalın İtalik,huruf tebal miring,жирний похилий,polkrepko ležeče,treknais slīpraksts,pusjuodis pasvirasis,Lodi etzana,धृष्ट-तिरछा
/usr/share/fonts/truetype/freefont/FreeMonoOblique.ttf: FreeMono:style=Oblique,наклонен,cursiva,kurzíva,kursiv,Πλάγια,Kursivoitu,Italique,Dőlt,Corsivo,Cursief,Kursywa,Itálico,oblic,Курсив,İtalik,huruf miring,похилий,ležeče,slīpraksts,pasvirasis,nghiêng,Etzana,तिरछा
/usr/share/fonts/truetype/freefont/FreeSans.ttf: FreeSans:style=Regular,нормален,Normal,obyčejné,Mittel,µεσαία,Normaali,Normál,Medio,Gemiddeld,Odmiana Zwykła,Обычный,Normálne,menengah,прямій,Navadno,vidējs,normalusis,vừa,Arrunta,सामान्य,সাধারণ,സാധാരണ,साधारण
/usr/share/fonts/truetype/freefont/FreeSansBold.ttf: FreeSans:style=Bold,получерен,negreta,tučné,fed,Fett,Έντονα,Negrita,Lihavoitu,Gras,Félkövér,Grassetto,Vet,Halvfet,Pogrubiony,Negrito,gros,Полужирный,Fet,Kalın,huruf tebal,жирний,Krepko,treknraksts,pusjuodis,đậm,Lodia,धृष्ट,സ്പഷ്ട,ठळक,बाक्लो
/usr/share/fonts/truetype/freefont/FreeSansBoldOblique.ttf: FreeSans:style=Bold Oblique,получерен наклонен,negreta cursiva,tučné kurzíva,fed kursiv,Fett-Kursiv,Έντονη Πλάγια,Negrita Cursiva,Lihavoitu Kursivoi,Gras Italique,Félkövér dőlt,Grassetto Corsivo,Vet Cursief,Halvfet Kursiv,Pogrubiona kursywa,Negrito Itálico,gros oblic,Полужирный Курсив,Tučná kurzíva,Fet Kursiv,Kalın İtalik,huruf tebal miring,жирний похилий,polkrepko ležeče,treknais slīpraksts,pusjuodis pasvirasis,nghiêng đậm,Lodi etzana,धृष्ट-तिरछा
/usr/share/fonts/truetype/freefont/FreeSansOblique.ttf: FreeSans:style=Oblique,наклонен,cursiva,kurzíva,kursiv,Πλάγια,Kursivoitu,Italique,Dőlt,Corsivo,Cursief,kursywa,Itálico,oblic,Курсив,İtalik,huruf miring,похилий,Ležeče,slīpraksts,pasvirasis,nghiêng,Etzana,तिरछा,বাঁকা
/usr/share/fonts/truetype/freefont/FreeSerif.ttf: FreeSerif:style=Regular,нормален,normal,obyčejné,Mittel,µεσαία,Normaali,Normál,Normale,Gemiddeld,odmiana zwykła,Обычный,Normálne,ปกติ,menengah,прямій,Navadno,vidējs,normalusis,عادی,vừa,Arrunta,सामान्य,সাধারণ,ସାମାନ୍ଯ,സാധാരണ,ނުވަތަ މެދު,ਸਾਧਾਰਨ,साधारण
/usr/share/fonts/truetype/freefont/FreeSerifBold.ttf: FreeSerif:style=Bold,получерен,negreta,tučné,fed,Fett,Negrita,Lihavoitu,Gras,Félkövér,Grassetto,Vet,Halvfet,Pogrubiony,Negrito,gros,Полужирный,Fet,ตัวหนา,Kalın,huruf tebal,жирний,Polkrepko,treknraksts,pusjuodis,ضخیم,đậm,Lodia,धृष्ट,ମୋଟା,സ്പഷ്ട,ठळक,ފަވާފައ,ਮੋੱਟਾ,बाक्लो
/usr/share/fonts/truetype/freefont/FreeSerifBoldItalic.ttf: FreeSerif:style=Bold Italic,получерен курсивен,negreta itàlica,tučné kurzíva,fed kursiv,Fett-Kursiv,Negrita Cursiva,Lihavoitu Kursivoi,Gras Italique,Félkövér dőlt,Grassetto Corsivo,Vet Cursief,Halvfet Kursiv,Pogrubiona kursywa,Negrito Itálico,gros cursiv,Полужирный Курсив,Tučná kurzíva,Fet Kursiv,ตัวเอียงหนา,Kalın İtalik,huruf tebal kursif,жирний курсив,Polkrepko Pežeče,treknais kursīvs,pusjuodis kursyvas,nghiêng đậm,Lodi etzana,धृष्ट-तिरछा
/usr/share/fonts/truetype/freefont/FreeSerifItalic.ttf: FreeSerif:style=Italic,курсивен,itàlica,kurzíva,kursiv,Λειψίας,Cursiva,Kursivoitu,Italique,Dőlt,Corsivo,Cursief,kursywa,Itálico,cursiv,Курсив,ตัวเอียง,İtalik,kursif,Ležeče,kursīvs,kursivas,nghiêng,Etzana,तिरछा,তির্যক
/usr/share/fonts/truetype/liberation/LiberationMono-Bold.ttf: Liberation Mono:style=Bold
/usr/share/fonts/truetype/liberation/LiberationMono-BoldItalic.ttf: Liberation Mono:style=Bold Italic
/usr/share/fonts/truetype/liberation/LiberationMono-Italic.ttf: Liberation Mono:style=Italic
/usr/share/fonts/truetype/liberation/LiberationMono-Regular.ttf: Liberation Mono:style=Regular
/usr/share/fonts/truetype/liberation/LiberationSans-Bold.ttf: Liberation Sans:style=Bold
/usr/share/fonts/truetype/liberation/LiberationSans-BoldItalic.ttf: Liberation Sans:style=Bold Italic
/usr/share/fonts/truetype/liberation/LiberationSans-Italic.ttf: Liberation Sans:style=Italic
/usr/share/fonts/truetype/liberation/LiberationSans-Regular.ttf: Liberation Sans:style=Regular
/usr/share/fonts/truetype/liberation/LiberationSerif-Bold.ttf: Liberation Serif:style=Bold
/usr/share/fonts/truetype/liberation/LiberationSerif-BoldItalic.ttf: Liberation Serif:style=Bold Italic
/usr/share/fonts/truetype/liberation/LiberationSerif-Italic.ttf: Liberation Serif:style=Italic
/usr/share/fonts/truetype/liberation/LiberationSerif-Regular.ttf: Liberation Serif:style=Regular
/usr/share/fonts/truetype/noto/NotoColorEmoji.ttf: Noto Color Emoji:style=Regular
/usr/share/fonts/truetype/wqy/wqy-zenhei.ttc: WenQuanYi Zen Hei Mono,文泉驛等寬正黑,文泉驿等宽正黑:style=Regular
/usr/share/fonts/truetype/wqy/wqy-zenhei.ttc: WenQuanYi Zen Hei Sharp,文泉驛點陣正黑,文泉驿点阵正黑:style=Regular
/usr/share/fonts/truetype/wqy/wqy-zenhei.ttc: WenQuanYi Zen Hei,文泉驛正黑,文泉驿正黑:style=Regular
