7zip=25.01+dfsg-1~deb13u2
chromium=151.0.7922.137-1~deb13u1
ffmpeg=7:7.1.5-0+deb13u1
file=1:5.46-5
fonts-dejavu-core=2.37-8
fonts-liberation=1:2.1.5-3
fonts-noto-core=20201225-2
git=1:2.47.3-0+deb13u1
git-lfs=3.6.1-1+deb13u1
ghostscript=10.05.1~dfsg-1+deb13u1
graphviz=2.42.4-3
imagemagick=8:7.1.1.43+dfsg1-1+deb13u11
jq=1.7.1-6+deb13u3
libreoffice-calc=4:25.2.3-2+deb13u6
libreoffice-impress=4:25.2.3-2+deb13u6
libreoffice-writer=4:25.2.3-2+deb13u6
nodejs=20.19.2+dfsg-1+deb13u2
openssh-client=1:10.0p1-7+deb13u4
pandoc=3.1.11.1+ds-2
poppler-utils=25.03.0-5+deb13u4
qpdf=12.2.0-1
sqlite3=3.46.1-7+deb13u1
tesseract-ocr=5.5.0-1+b1
unzip=6.0-29+deb13u1
wget=1.25.0-2
yq=3.4.3-2
zip=3.0-15+deb13u1
